
Microsoft Visual Studio Solution File, Format Version 12.00
# Visual Studio Version 16
VisualStudioVersion = 16.0.33214.272
MinimumVisualStudioVersion = 10.0.40219.1
Project("{FAE04EC0-301F-11D3-BF4B-00C04F79EFBC}") = "OpticasWeb", "OpticasWeb\OpticasWeb.csproj", "{481C5992-4B05-4627-A20A-334A45A3B844}"
EndProject
Project("{FAE04EC0-301F-11D3-BF4B-00C04F79EFBC}") = "OpticasWebApi", "OpticasWebApi\OpticasWebApi.csproj", "{D5C9AB77-6DA0-402F-9EA6-914DE7D305E0}"
EndProject
Project("{2150E333-8FDC-42A3-9474-1A3956D46DE8}") = "Librerias", "Librerias", "{A7EE9C3C-82CF-4B7C-960A-7FB9F0CECE21}"
EndProject
Project("{FAE04EC0-301F-11D3-BF4B-00C04F79EFBC}") = "libEmpleados", "Librerias\libEmpleados\libEmpleados.csproj", "{63DAE301-86E2-49E6-B98E-218D64E2FDFE}"
EndProject
Project("{FAE04EC0-301F-11D3-BF4B-00C04F79EFBC}") = "libEmpleadosUsuarios", "Librerias\libEmpleadosUsuarios\libEmpleadosUsuarios.csproj", "{71251B01-D5CF-4169-9BD8-E3D7B13FAD88}"
EndProject
Project("{FAE04EC0-301F-11D3-BF4B-00C04F79EFBC}") = "libModulos", "Librerias\libModulos\libModulos.csproj", "{8A2134E0-5A11-4A0B-BE42-2387BFAF91D7}"
EndProject
Project("{FAE04EC0-301F-11D3-BF4B-00C04F79EFBC}") = "libModulosTipos", "Librerias\libModulosTipos\libModulosTipos.csproj", "{13FE5FD3-ED93-4A64-A180-619720711009}"
EndProject
Project("{FAE04EC0-301F-11D3-BF4B-00C04F79EFBC}") = "libPuestos", "Librerias\libPuestos\libPuestos.csproj", "{F774FBB3-D9E7-4943-A640-84AF0324AF38}"
EndProject
Project("{FAE04EC0-301F-11D3-BF4B-00C04F79EFBC}") = "libSucursales", "Librerias\libSucursales\libSucursales.csproj", "{D43612C7-10CD-4BB8-BE1B-C709DE421C23}"
EndProject
Project("{FAE04EC0-301F-11D3-BF4B-00C04F79EFBC}") = "libProductosTipos", "Librerias\libProductosTipos\libProductosTipos.csproj", "{0ED3085D-B8BC-4639-B6B6-4D0D2872E380}"
EndProject
Project("{FAE04EC0-301F-11D3-BF4B-00C04F79EFBC}") = "libProductosSubTipos", "Librerias\libProductosSubTipos\libProductosSubTipos.csproj", "{53AA7B24-B8A1-45AA-A662-5CA207492606}"
EndProject
Project("{FAE04EC0-301F-11D3-BF4B-00C04F79EFBC}") = "libProductosGrupos", "Librerias\libProductosGrupos\libProductosGrupos.csproj", "{8AE24064-86CA-48A3-911E-A52D2E012939}"
EndProject
Project("{FAE04EC0-301F-11D3-BF4B-00C04F79EFBC}") = "libClientes", "Librerias\libClientes\libClientes.csproj", "{8D02910E-0A39-4196-935B-54A2DBAC2151}"
EndProject
Project("{FAE04EC0-301F-11D3-BF4B-00C04F79EFBC}") = "libModulosNiveles", "Librerias\libModulosNiveles\libModulosNiveles.csproj", "{EA430219-2C24-4C05-9710-C6A17A737E05}"
EndProject
Project("{FAE04EC0-301F-11D3-BF4B-00C04F79EFBC}") = "libNivelesUsuarios", "Librerias\libNivelesUsuarios\libNivelesUsuarios.csproj", "{54B3441F-C19C-4552-BDAC-2FC8596463DA}"
EndProject
Global
	GlobalSection(SolutionConfigurationPlatforms) = preSolution
		Debug|Any CPU = Debug|Any CPU
		Release|Any CPU = Release|Any CPU
	EndGlobalSection
	GlobalSection(ProjectConfigurationPlatforms) = postSolution
		{481C5992-4B05-4627-A20A-334A45A3B844}.Debug|Any CPU.ActiveCfg = Debug|Any CPU
		{481C5992-4B05-4627-A20A-334A45A3B844}.Debug|Any CPU.Build.0 = Debug|Any CPU
		{481C5992-4B05-4627-A20A-334A45A3B844}.Release|Any CPU.ActiveCfg = Release|Any CPU
		{481C5992-4B05-4627-A20A-334A45A3B844}.Release|Any CPU.Build.0 = Release|Any CPU
		{D5C9AB77-6DA0-402F-9EA6-914DE7D305E0}.Debug|Any CPU.ActiveCfg = Debug|Any CPU
		{D5C9AB77-6DA0-402F-9EA6-914DE7D305E0}.Debug|Any CPU.Build.0 = Debug|Any CPU
		{D5C9AB77-6DA0-402F-9EA6-914DE7D305E0}.Release|Any CPU.ActiveCfg = Release|Any CPU
		{D5C9AB77-6DA0-402F-9EA6-914DE7D305E0}.Release|Any CPU.Build.0 = Release|Any CPU
		{63DAE301-86E2-49E6-B98E-218D64E2FDFE}.Debug|Any CPU.ActiveCfg = Debug|Any CPU
		{63DAE301-86E2-49E6-B98E-218D64E2FDFE}.Debug|Any CPU.Build.0 = Debug|Any CPU
		{63DAE301-86E2-49E6-B98E-218D64E2FDFE}.Release|Any CPU.ActiveCfg = Release|Any CPU
		{63DAE301-86E2-49E6-B98E-218D64E2FDFE}.Release|Any CPU.Build.0 = Release|Any CPU
		{71251B01-D5CF-4169-9BD8-E3D7B13FAD88}.Debug|Any CPU.ActiveCfg = Debug|Any CPU
		{71251B01-D5CF-4169-9BD8-E3D7B13FAD88}.Debug|Any CPU.Build.0 = Debug|Any CPU
		{71251B01-D5CF-4169-9BD8-E3D7B13FAD88}.Release|Any CPU.ActiveCfg = Release|Any CPU
		{71251B01-D5CF-4169-9BD8-E3D7B13FAD88}.Release|Any CPU.Build.0 = Release|Any CPU
		{8A2134E0-5A11-4A0B-BE42-2387BFAF91D7}.Debug|Any CPU.ActiveCfg = Debug|Any CPU
		{8A2134E0-5A11-4A0B-BE42-2387BFAF91D7}.Debug|Any CPU.Build.0 = Debug|Any CPU
		{8A2134E0-5A11-4A0B-BE42-2387BFAF91D7}.Release|Any CPU.ActiveCfg = Release|Any CPU
		{8A2134E0-5A11-4A0B-BE42-2387BFAF91D7}.Release|Any CPU.Build.0 = Release|Any CPU
		{13FE5FD3-ED93-4A64-A180-619720711009}.Debug|Any CPU.ActiveCfg = Debug|Any CPU
		{13FE5FD3-ED93-4A64-A180-619720711009}.Debug|Any CPU.Build.0 = Debug|Any CPU
		{13FE5FD3-ED93-4A64-A180-619720711009}.Release|Any CPU.ActiveCfg = Release|Any CPU
		{13FE5FD3-ED93-4A64-A180-619720711009}.Release|Any CPU.Build.0 = Release|Any CPU
		{F774FBB3-D9E7-4943-A640-84AF0324AF38}.Debug|Any CPU.ActiveCfg = Debug|Any CPU
		{F774FBB3-D9E7-4943-A640-84AF0324AF38}.Debug|Any CPU.Build.0 = Debug|Any CPU
		{F774FBB3-D9E7-4943-A640-84AF0324AF38}.Release|Any CPU.ActiveCfg = Release|Any CPU
		{F774FBB3-D9E7-4943-A640-84AF0324AF38}.Release|Any CPU.Build.0 = Release|Any CPU
		{D43612C7-10CD-4BB8-BE1B-C709DE421C23}.Debug|Any CPU.ActiveCfg = Debug|Any CPU
		{D43612C7-10CD-4BB8-BE1B-C709DE421C23}.Debug|Any CPU.Build.0 = Debug|Any CPU
		{D43612C7-10CD-4BB8-BE1B-C709DE421C23}.Release|Any CPU.ActiveCfg = Release|Any CPU
		{D43612C7-10CD-4BB8-BE1B-C709DE421C23}.Release|Any CPU.Build.0 = Release|Any CPU
		{0ED3085D-B8BC-4639-B6B6-4D0D2872E380}.Debug|Any CPU.ActiveCfg = Debug|Any CPU
		{0ED3085D-B8BC-4639-B6B6-4D0D2872E380}.Debug|Any CPU.Build.0 = Debug|Any CPU
		{0ED3085D-B8BC-4639-B6B6-4D0D2872E380}.Release|Any CPU.ActiveCfg = Release|Any CPU
		{0ED3085D-B8BC-4639-B6B6-4D0D2872E380}.Release|Any CPU.Build.0 = Release|Any CPU
		{53AA7B24-B8A1-45AA-A662-5CA207492606}.Debug|Any CPU.ActiveCfg = Debug|Any CPU
		{53AA7B24-B8A1-45AA-A662-5CA207492606}.Debug|Any CPU.Build.0 = Debug|Any CPU
		{53AA7B24-B8A1-45AA-A662-5CA207492606}.Release|Any CPU.ActiveCfg = Release|Any CPU
		{53AA7B24-B8A1-45AA-A662-5CA207492606}.Release|Any CPU.Build.0 = Release|Any CPU
		{8AE24064-86CA-48A3-911E-A52D2E012939}.Debug|Any CPU.ActiveCfg = Debug|Any CPU
		{8AE24064-86CA-48A3-911E-A52D2E012939}.Debug|Any CPU.Build.0 = Debug|Any CPU
		{8AE24064-86CA-48A3-911E-A52D2E012939}.Release|Any CPU.ActiveCfg = Release|Any CPU
		{8AE24064-86CA-48A3-911E-A52D2E012939}.Release|Any CPU.Build.0 = Release|Any CPU
		{8D02910E-0A39-4196-935B-54A2DBAC2151}.Debug|Any CPU.ActiveCfg = Debug|Any CPU
		{8D02910E-0A39-4196-935B-54A2DBAC2151}.Debug|Any CPU.Build.0 = Debug|Any CPU
		{8D02910E-0A39-4196-935B-54A2DBAC2151}.Release|Any CPU.ActiveCfg = Release|Any CPU
		{8D02910E-0A39-4196-935B-54A2DBAC2151}.Release|Any CPU.Build.0 = Release|Any CPU
		{EA430219-2C24-4C05-9710-C6A17A737E05}.Debug|Any CPU.ActiveCfg = Debug|Any CPU
		{EA430219-2C24-4C05-9710-C6A17A737E05}.Debug|Any CPU.Build.0 = Debug|Any CPU
		{EA430219-2C24-4C05-9710-C6A17A737E05}.Release|Any CPU.ActiveCfg = Release|Any CPU
		{EA430219-2C24-4C05-9710-C6A17A737E05}.Release|Any CPU.Build.0 = Release|Any CPU
		{54B3441F-C19C-4552-BDAC-2FC8596463DA}.Debug|Any CPU.ActiveCfg = Debug|Any CPU
		{54B3441F-C19C-4552-BDAC-2FC8596463DA}.Debug|Any CPU.Build.0 = Debug|Any CPU
		{54B3441F-C19C-4552-BDAC-2FC8596463DA}.Release|Any CPU.ActiveCfg = Release|Any CPU
		{54B3441F-C19C-4552-BDAC-2FC8596463DA}.Release|Any CPU.Build.0 = Release|Any CPU
	EndGlobalSection
	GlobalSection(SolutionProperties) = preSolution
		HideSolutionNode = FALSE
	EndGlobalSection
	GlobalSection(NestedProjects) = preSolution
		{63DAE301-86E2-49E6-B98E-218D64E2FDFE} = {A7EE9C3C-82CF-4B7C-960A-7FB9F0CECE21}
		{71251B01-D5CF-4169-9BD8-E3D7B13FAD88} = {A7EE9C3C-82CF-4B7C-960A-7FB9F0CECE21}
		{8A2134E0-5A11-4A0B-BE42-2387BFAF91D7} = {A7EE9C3C-82CF-4B7C-960A-7FB9F0CECE21}
		{13FE5FD3-ED93-4A64-A180-619720711009} = {A7EE9C3C-82CF-4B7C-960A-7FB9F0CECE21}
		{F774FBB3-D9E7-4943-A640-84AF0324AF38} = {A7EE9C3C-82CF-4B7C-960A-7FB9F0CECE21}
		{D43612C7-10CD-4BB8-BE1B-C709DE421C23} = {A7EE9C3C-82CF-4B7C-960A-7FB9F0CECE21}
		{0ED3085D-B8BC-4639-B6B6-4D0D2872E380} = {A7EE9C3C-82CF-4B7C-960A-7FB9F0CECE21}
		{53AA7B24-B8A1-45AA-A662-5CA207492606} = {A7EE9C3C-82CF-4B7C-960A-7FB9F0CECE21}
		{8AE24064-86CA-48A3-911E-A52D2E012939} = {A7EE9C3C-82CF-4B7C-960A-7FB9F0CECE21}
		{8D02910E-0A39-4196-935B-54A2DBAC2151} = {A7EE9C3C-82CF-4B7C-960A-7FB9F0CECE21}
		{EA430219-2C24-4C05-9710-C6A17A737E05} = {A7EE9C3C-82CF-4B7C-960A-7FB9F0CECE21}
		{54B3441F-C19C-4552-BDAC-2FC8596463DA} = {A7EE9C3C-82CF-4B7C-960A-7FB9F0CECE21}
	EndGlobalSection
	GlobalSection(ExtensibilityGlobals) = postSolution
		SolutionGuid = {363B6411-5A2D-4618-AC18-BBCEEBAF773E}
	EndGlobalSection
EndGlobal
